
Microsoft Visual Studio Solution File, Format Version 12.00
Project("{FAE04EC0-301F-11D3-BF4B-00C04F79EFBC}") = "mongo-exam-prep", "mongo-exam-prep\mongo-exam-prep.csproj", "{E30F027F-C1D5-4C50-A21A-08A2B533A046}"
EndProject
Global
	GlobalSection(SolutionConfigurationPlatforms) = preSolution
		Debug|Any CPU = Debug|Any CPU
		Release|Any CPU = Release|Any CPU
	EndGlobalSection
	GlobalSection(ProjectConfigurationPlatforms) = postSolution
		{E30F027F-C1D5-4C50-A21A-08A2B533A046}.Debug|Any CPU.ActiveCfg = Debug|Any CPU
		{E30F027F-C1D5-4C50-A21A-08A2B533A046}.Debug|Any CPU.Build.0 = Debug|Any CPU
		{E30F027F-C1D5-4C50-A21A-08A2B533A046}.Release|Any CPU.ActiveCfg = Release|Any CPU
		{E30F027F-C1D5-4C50-A21A-08A2B533A046}.Release|Any CPU.Build.0 = Release|Any CPU
	EndGlobalSection
EndGlobal
